
Microsoft Visual Studio Solution File, Format Version 12.00
# Visual Studio 15
VisualStudioVersion = 15.0.27004.2008
MinimumVisualStudioVersion = 10.0.40219.1
Project("{FAE04EC0-301F-11D3-BF4B-00C04F79EFBC}") = "WindowsFormsApp2", "WindowsFormsApp2\WindowsFormsApp2.csproj", "{115335D7-4D84-44CE-BE7D-CEF46CAC9871}"
EndProject
Global
	GlobalSection(SolutionConfigurationPlatforms) = preSolution
		Debug|Any CPU = Debug|Any CPU
		Release|Any CPU = Release|Any CPU
	EndGlobalSection
	GlobalSection(ProjectConfigurationPlatforms) = postSolution
		{115335D7-4D84-44CE-BE7D-CEF46CAC9871}.Debug|Any CPU.ActiveCfg = Release|Any CPU
		{115335D7-4D84-44CE-BE7D-CEF46CAC9871}.Debug|Any CPU.Build.0 = Release|Any CPU
		{115335D7-4D84-44CE-BE7D-CEF46CAC9871}.Release|Any CPU.ActiveCfg = Release|Any CPU
		{115335D7-4D84-44CE-BE7D-CEF46CAC9871}.Release|Any CPU.Build.0 = Release|Any CPU
	EndGlobalSection
	GlobalSection(SolutionProperties) = preSolution
		HideSolutionNode = FALSE
	EndGlobalSection
	GlobalSection(ExtensibilityGlobals) = postSolution
		SolutionGuid = {996EB437-BD67-40F2-9717-C97786F678A4}
	EndGlobalSection
EndGlobal
